
Microsoft Visual Studio Solution File, Format Version 12.00
# Visual Studio 15
VisualStudioVersion = 15.0.28307.645
MinimumVisualStudioVersion = 10.0.40219.1
Project("{8BC9CEB8-8B4A-11D0-8D11-00A0C91BC942}") = "ChatServer", "ChatServer\ChatServer.vcxproj", "{EAB5206A-9A27-4785-AB04-D269D7A5AD88}"
EndProject
Project("{8BC9CEB8-8B4A-11D0-8D11-00A0C91BC942}") = "ClassLibrary1", "ClassLibrary1\ClassLibrary1.vcxproj", "{CD718884-3DAA-45E4-8795-43CED26D13DB}"
EndProject
Project("{8BC9CEB8-8B4A-11D0-8D11-00A0C91BC942}") = "ChatClient", "ChatClient\ChatClient.vcxproj", "{A9008DC3-3D4E-433D-ABDD-F83C32CC2594}"
EndProject
Global
	GlobalSection(SolutionConfigurationPlatforms) = preSolution
		Debug|x64 = Debug|x64
		Debug|x86 = Debug|x86
		Release|x64 = Release|x64
		Release|x86 = Release|x86
	EndGlobalSection
	GlobalSection(ProjectConfigurationPlatforms) = postSolution
		{EAB5206A-9A27-4785-AB04-D269D7A5AD88}.Debug|x64.ActiveCfg = Debug|x64
		{EAB5206A-9A27-4785-AB04-D269D7A5AD88}.Debug|x64.Build.0 = Debug|x64
		{EAB5206A-9A27-4785-AB04-D269D7A5AD88}.Debug|x86.ActiveCfg = Debug|Win32
		{EAB5206A-9A27-4785-AB04-D269D7A5AD88}.Debug|x86.Build.0 = Debug|Win32
		{EAB5206A-9A27-4785-AB04-D269D7A5AD88}.Release|x64.ActiveCfg = Release|x64
		{EAB5206A-9A27-4785-AB04-D269D7A5AD88}.Release|x64.Build.0 = Release|x64
		{EAB5206A-9A27-4785-AB04-D269D7A5AD88}.Release|x86.ActiveCfg = Release|Win32
		{EAB5206A-9A27-4785-AB04-D269D7A5AD88}.Release|x86.Build.0 = Release|Win32
		{CD718884-3DAA-45E4-8795-43CED26D13DB}.Debug|x64.ActiveCfg = Debug|x64
		{CD718884-3DAA-45E4-8795-43CED26D13DB}.Debug|x64.Build.0 = Debug|x64
		{CD718884-3DAA-45E4-8795-43CED26D13DB}.Debug|x86.ActiveCfg = Debug|Win32
		{CD718884-3DAA-45E4-8795-43CED26D13DB}.Debug|x86.Build.0 = Debug|Win32
		{CD718884-3DAA-45E4-8795-43CED26D13DB}.Release|x64.ActiveCfg = Release|x64
		{CD718884-3DAA-45E4-8795-43CED26D13DB}.Release|x64.Build.0 = Release|x64
		{CD718884-3DAA-45E4-8795-43CED26D13DB}.Release|x86.ActiveCfg = Release|Win32
		{CD718884-3DAA-45E4-8795-43CED26D13DB}.Release|x86.Build.0 = Release|Win32
		{A9008DC3-3D4E-433D-ABDD-F83C32CC2594}.Debug|x64.ActiveCfg = Debug|x64
		{A9008DC3-3D4E-433D-ABDD-F83C32CC2594}.Debug|x64.Build.0 = Debug|x64
		{A9008DC3-3D4E-433D-ABDD-F83C32CC2594}.Debug|x86.ActiveCfg = Debug|Win32
		{A9008DC3-3D4E-433D-ABDD-F83C32CC2594}.Debug|x86.Build.0 = Debug|Win32
		{A9008DC3-3D4E-433D-ABDD-F83C32CC2594}.Release|x64.ActiveCfg = Release|x64
		{A9008DC3-3D4E-433D-ABDD-F83C32CC2594}.Release|x64.Build.0 = Release|x64
		{A9008DC3-3D4E-433D-ABDD-F83C32CC2594}.Release|x86.ActiveCfg = Release|Win32
		{A9008DC3-3D4E-433D-ABDD-F83C32CC2594}.Release|x86.Build.0 = Release|Win32
	EndGlobalSection
	GlobalSection(SolutionProperties) = preSolution
		HideSolutionNode = FALSE
	EndGlobalSection
	GlobalSection(ExtensibilityGlobals) = postSolution
		SolutionGuid = {90175B93-07F5-4182-B270-A910423BDD36}
	EndGlobalSection
EndGlobal
